{
  "name": "@digitaldoorsign/api",
  "version": "1.0.0",
  "lockfileVersion": 1,
  "requires": true,
  "dependencies": {
    "@digitaldoorsign/core": {
      "version": "1.0.7",
      "resolved": "https://registry.npmjs.org/@digitaldoorsign/core/-/core-1.0.7.tgz",
      "integrity": "sha512-lP71L4vwMjeX6BxMhQ+YFKdKhQTv9RT2y9z/DjgNM0UIOdOfC+jX6HgfsmkL2FI41LMJKTvhuPrGwC6MP74ByQ=="
    },
    "typescript": {
      "version": "3.7.3",
      "resolved": "https://registry.npmjs.org/typescript/-/typescript-3.7.3.tgz",
      "integrity": "sha512-Mcr/Qk7hXqFBXMN7p7Lusj1ktCBydylfQM/FZCk5glCNQJrCUKPkMHdo9R0MTFWsC/4kPFvDS0fDPvukfCkFsw==",
      "dev": true
    }
  }
}
